
Microsoft Visual Studio Solution File, Format Version 12.00
# Visual Studio Version 17
VisualStudioVersion = 17.0.32014.148
MinimumVisualStudioVersion = 10.0.40219.1
Project("{FAE04EC0-301F-11D3-BF4B-00C04F79EFBC}") = "Sql", "Sql.csproj", "{03A4CA82-6865-450B-B9B1-AF3B013F863C}"
EndProject
Global
	GlobalSection(SolutionConfigurationPlatforms) = preSolution
		Debug|Any CPU = Debug|Any CPU
		Release|Any CPU = Release|Any CPU
	EndGlobalSection
	GlobalSection(ProjectConfigurationPlatforms) = postSolution
		{03A4CA82-6865-450B-B9B1-AF3B013F863C}.Debug|Any CPU.ActiveCfg = Debug|Any CPU
		{03A4CA82-6865-450B-B9B1-AF3B013F863C}.Debug|Any CPU.Build.0 = Debug|Any CPU
		{03A4CA82-6865-450B-B9B1-AF3B013F863C}.Release|Any CPU.ActiveCfg = Release|Any CPU
		{03A4CA82-6865-450B-B9B1-AF3B013F863C}.Release|Any CPU.Build.0 = Release|Any CPU
	EndGlobalSection
	GlobalSection(SolutionProperties) = preSolution
		HideSolutionNode = FALSE
	EndGlobalSection
	GlobalSection(ExtensibilityGlobals) = postSolution
		SolutionGuid = {AFE4EC35-22F3-4535-B7DC-E23B2ED7A05D}
	EndGlobalSection
EndGlobal
